{
  "requires": true,
  "lockfileVersion": 1,
  "dependencies": {
    "crossfilter2": {
      "version": "1.3.14",
      "resolved": "https://registry.npmjs.org/crossfilter2/-/crossfilter2-1.3.14.tgz",
      "integrity": "sha1-xFvY0zX2yRrMusJu2iAzd/GV9oA="
    },
    "d3": {
      "version": "3.5.17",
      "resolved": "https://registry.npmjs.org/d3/-/d3-3.5.17.tgz",
      "integrity": "sha1-vEZ0gAQ3iyGjYMn8fPUjF5B2L7g="
    },
    "dc": {
      "version": "2.1.8",
      "resolved": "https://registry.npmjs.org/dc/-/dc-2.1.8.tgz",
      "integrity": "sha1-Rgsi/erbJW7ZUVv5gQEEvnPTySA=",
      "requires": {
        "crossfilter2": "1.3.14",
        "d3": "3.5.17"
      }
    }
  }
}
